// !$*UTF8*$!
{
	archiveVersion = 1;
	classes = {
	};
	objectVersion = 46;
	objects = {

/* Begin PBXBuildFile section */
		473E0BA11B8E594B00777AB0 /* BeaconListener.swift in Sources */ = {isa = PBXBuildFile; fileRef = 473E0BA01B8E594B00777AB0 /* BeaconListener.swift */; };
		476C2C1A1B8CEB5F00038071 /* icon400.png in Resources */ = {isa = PBXBuildFile; fileRef = 476C2C191B8CEB5F00038071 /* icon400.png */; };
		47D7D4BE1B97274A0048C0E9 /* closeicon.jpeg in Resources */ = {isa = PBXBuildFile; fileRef = 47D7D4BD1B97274A0048C0E9 /* closeicon.jpeg */; };
		BAE532CB1B8CFCDB00EACDBD /* WebViewController.m in Sources */ = {isa = PBXBuildFile; fileRef = BAE532CA1B8CFCDB00EACDBD /* WebViewController.m */; };
		BAE7ACAF1B8D84F900A2B413 /* MBProgressHUD.m in Sources */ = {isa = PBXBuildFile; fileRef = BAE7ACAE1B8D84F900A2B413 /* MBProgressHUD.m */; };
		BAE7ACC11B8DA2BC00A2B413 /* NSObject+SBJSON.m in Sources */ = {isa = PBXBuildFile; fileRef = BAE7ACB31B8DA2BC00A2B413 /* NSObject+SBJSON.m */; };
		BAE7ACC21B8DA2BC00A2B413 /* NSString+SBJSON.m in Sources */ = {isa = PBXBuildFile; fileRef = BAE7ACB51B8DA2BC00A2B413 /* NSString+SBJSON.m */; };
		BAE7ACC31B8DA2BC00A2B413 /* SBJSON.m in Sources */ = {isa = PBXBuildFile; fileRef = BAE7ACB71B8DA2BC00A2B413 /* SBJSON.m */; };
		BAE7ACC41B8DA2BC00A2B413 /* SBJsonBase.m in Sources */ = {isa = PBXBuildFile; fileRef = BAE7ACB91B8DA2BC00A2B413 /* SBJsonBase.m */; };
		BAE7ACC51B8DA2BC00A2B413 /* SBJsonParser.m in Sources */ = {isa = PBXBuildFile; fileRef = BAE7ACBB1B8DA2BC00A2B413 /* SBJsonParser.m */; };
		BAE7ACC61B8DA2BC00A2B413 /* SBJsonWriter.m in Sources */ = {isa = PBXBuildFile; fileRef = BAE7ACBD1B8DA2BC00A2B413 /* SBJsonWriter.m */; };
		BAE7ACC71B8DA2BC00A2B413 /* NetManager.m in Sources */ = {isa = PBXBuildFile; fileRef = BAE7ACC01B8DA2BC00A2B413 /* NetManager.m */; };
		BAE7AD9E1B8DE18700A2B413 /* AFHTTPClient.m in Sources */ = {isa = PBXBuildFile; fileRef = BAE7AD8A1B8DE18700A2B413 /* AFHTTPClient.m */; };
		BAE7AD9F1B8DE18700A2B413 /* AFHTTPRequestOperation.m in Sources */ = {isa = PBXBuildFile; fileRef = BAE7AD8C1B8DE18700A2B413 /* AFHTTPRequestOperation.m */; };
		BAE7ADA01B8DE18700A2B413 /* AFImageRequestOperation.m in Sources */ = {isa = PBXBuildFile; fileRef = BAE7AD8E1B8DE18700A2B413 /* AFImageRequestOperation.m */; };
		BAE7ADA11B8DE18700A2B413 /* AFJSONRequestOperation.m in Sources */ = {isa = PBXBuildFile; fileRef = BAE7AD901B8DE18700A2B413 /* AFJSONRequestOperation.m */; };
		BAE7ADA21B8DE18700A2B413 /* AFNetManager.m in Sources */ = {isa = PBXBuildFile; fileRef = BAE7AD921B8DE18700A2B413 /* AFNetManager.m */; };
		BAE7ADA31B8DE18700A2B413 /* AFNetworkActivityIndicatorManager.m in Sources */ = {isa = PBXBuildFile; fileRef = BAE7AD941B8DE18700A2B413 /* AFNetworkActivityIndicatorManager.m */; };
		BAE7ADA41B8DE18700A2B413 /* AFPropertyListRequestOperation.m in Sources */ = {isa = PBXBuildFile; fileRef = BAE7AD971B8DE18700A2B413 /* AFPropertyListRequestOperation.m */; };
		BAE7ADA51B8DE18700A2B413 /* AFURLConnectionOperation.m in Sources */ = {isa = PBXBuildFile; fileRef = BAE7AD991B8DE18700A2B413 /* AFURLConnectionOperation.m */; };
		BAE7ADA61B8DE18700A2B413 /* AFXMLRequestOperation.m in Sources */ = {isa = PBXBuildFile; fileRef = BAE7AD9B1B8DE18700A2B413 /* AFXMLRequestOperation.m */; };
		BAE7ADA71B8DE18700A2B413 /* UIImageView+AFNetworking.m in Sources */ = {isa = PBXBuildFile; fileRef = BAE7AD9D1B8DE18700A2B413 /* UIImageView+AFNetworking.m */; };
		BAE7ADAA1B8DE1BE00A2B413 /* DataManager.m in Sources */ = {isa = PBXBuildFile; fileRef = BAE7ADA91B8DE1BE00A2B413 /* DataManager.m */; };
		BAE7ADAD1B8DE44200A2B413 /* Common.m in Sources */ = {isa = PBXBuildFile; fileRef = BAE7ADAC1B8DE44200A2B413 /* Common.m */; };
		BAE7ADB41B8DF55D00A2B413 /* UserDefaultsManager.m in Sources */ = {isa = PBXBuildFile; fileRef = BAE7ADB31B8DF55D00A2B413 /* UserDefaultsManager.m */; };
		C4264231198CAE4E176D1535 /* libPods.a in Frameworks */ = {isa = PBXBuildFile; fileRef = FF3A20012417BB6AAF40A331 /* libPods.a */; };
		F122836C1A604F6500DBCE61 /* AppDelegate.swift in Sources */ = {isa = PBXBuildFile; fileRef = F122836B1A604F6500DBCE61 /* AppDelegate.swift */; };
		F122836E1A604F6500DBCE61 /* ViewController.swift in Sources */ = {isa = PBXBuildFile; fileRef = F122836D1A604F6500DBCE61 /* ViewController.swift */; };
		F12283711A604F6500DBCE61 /* Main.storyboard in Resources */ = {isa = PBXBuildFile; fileRef = F122836F1A604F6500DBCE61 /* Main.storyboard */; };
		F12283731A604F6500DBCE61 /* Images.xcassets in Resources */ = {isa = PBXBuildFile; fileRef = F12283721A604F6500DBCE61 /* Images.xcassets */; };
		F12283761A604F6500DBCE61 /* LaunchScreen.xib in Resources */ = {isa = PBXBuildFile; fileRef = F12283741A604F6500DBCE61 /* LaunchScreen.xib */; };
		F193FF5B1A6067520092B355 /* Objc.m in Sources */ = {isa = PBXBuildFile; fileRef = F193FF5A1A6067520092B355 /* Objc.m */; };
		F1EDC6DB1B6601AE002300CA /* AMReachability.swift in Sources */ = {isa = PBXBuildFile; fileRef = F1EDC6DA1B6601AE002300CA /* AMReachability.swift */; };
/* End PBXBuildFile section */

/* Begin PBXFileReference section */
		24A700C9A539A69079D08BBE /* Pods.debug.xcconfig */ = {isa = PBXFileReference; includeInIndex = 1; lastKnownFileType = text.xcconfig; name = Pods.debug.xcconfig; path = "Pods/Target Support Files/Pods/Pods.debug.xcconfig"; sourceTree = "<group>"; };
		473E0BA01B8E594B00777AB0 /* BeaconListener.swift */ = {isa = PBXFileReference; fileEncoding = 4; lastKnownFileType = sourcecode.swift; path = BeaconListener.swift; sourceTree = "<group>"; };
		476C2C191B8CEB5F00038071 /* icon400.png */ = {isa = PBXFileReference; lastKnownFileType = image.png; path = icon400.png; sourceTree = "<group>"; };
		47D7D4BD1B97274A0048C0E9 /* closeicon.jpeg */ = {isa = PBXFileReference; lastKnownFileType = image.jpeg; path = closeicon.jpeg; sourceTree = "<group>"; };
		5D58061C9A214C5077236974 /* Pods.release.xcconfig */ = {isa = PBXFileReference; includeInIndex = 1; lastKnownFileType = text.xcconfig; name = Pods.release.xcconfig; path = "Pods/Target Support Files/Pods/Pods.release.xcconfig"; sourceTree = "<group>"; };
		BAE532C91B8CFCDB00EACDBD /* WebViewController.h */ = {isa = PBXFileReference; fileEncoding = 4; lastKnownFileType = sourcecode.c.h; path = WebViewController.h; sourceTree = "<group>"; };
		BAE532CA1B8CFCDB00EACDBD /* WebViewController.m */ = {isa = PBXFileReference; fileEncoding = 4; lastKnownFileType = sourcecode.c.objc; path = WebViewController.m; sourceTree = "<group>"; };
		BAE7ACAD1B8D84F900A2B413 /* MBProgressHUD.h */ = {isa = PBXFileReference; fileEncoding = 4; lastKnownFileType = sourcecode.c.h; name = MBProgressHUD.h; path = MBProgressHUD/MBProgressHUD.h; sourceTree = "<group>"; };
		BAE7ACAE1B8D84F900A2B413 /* MBProgressHUD.m */ = {isa = PBXFileReference; fileEncoding = 4; lastKnownFileType = sourcecode.c.objc; name = MBProgressHUD.m; path = MBProgressHUD/MBProgressHUD.m; sourceTree = "<group>"; };
		BAE7ACB11B8DA2BC00A2B413 /* JSON.h */ = {isa = PBXFileReference; fileEncoding = 4; lastKnownFileType = sourcecode.c.h; path = JSON.h; sourceTree = "<group>"; };
		BAE7ACB21B8DA2BC00A2B413 /* NSObject+SBJSON.h */ = {isa = PBXFileReference; fileEncoding = 4; lastKnownFileType = sourcecode.c.h; path = "NSObject+SBJSON.h"; sourceTree = "<group>"; };
		BAE7ACB31B8DA2BC00A2B413 /* NSObject+SBJSON.m */ = {isa = PBXFileReference; fileEncoding = 4; lastKnownFileType = sourcecode.c.objc; path = "NSObject+SBJSON.m"; sourceTree = "<group>"; };
		BAE7ACB41B8DA2BC00A2B413 /* NSString+SBJSON.h */ = {isa = PBXFileReference; fileEncoding = 4; lastKnownFileType = sourcecode.c.h; path = "NSString+SBJSON.h"; sourceTree = "<group>"; };
		BAE7ACB51B8DA2BC00A2B413 /* NSString+SBJSON.m */ = {isa = PBXFileReference; fileEncoding = 4; lastKnownFileType = sourcecode.c.objc; path = "NSString+SBJSON.m"; sourceTree = "<group>"; };
		BAE7ACB61B8DA2BC00A2B413 /* SBJSON.h */ = {isa = PBXFileReference; fileEncoding = 4; lastKnownFileType = sourcecode.c.h; path = SBJSON.h; sourceTree = "<group>"; };
		BAE7ACB71B8DA2BC00A2B413 /* SBJSON.m */ = {isa = PBXFileReference; fileEncoding = 4; lastKnownFileType = sourcecode.c.objc; path = SBJSON.m; sourceTree = "<group>"; };
		BAE7ACB81B8DA2BC00A2B413 /* SBJsonBase.h */ = {isa = PBXFileReference; fileEncoding = 4; lastKnownFileType = sourcecode.c.h; path = SBJsonBase.h; sourceTree = "<group>"; };
		BAE7ACB91B8DA2BC00A2B413 /* SBJsonBase.m */ = {isa = PBXFileReference; fileEncoding = 4; lastKnownFileType = sourcecode.c.objc; path = SBJsonBase.m; sourceTree = "<group>"; };
		BAE7ACBA1B8DA2BC00A2B413 /* SBJsonParser.h */ = {isa = PBXFileReference; fileEncoding = 4; lastKnownFileType = sourcecode.c.h; path = SBJsonParser.h; sourceTree = "<group>"; };
		BAE7ACBB1B8DA2BC00A2B413 /* SBJsonParser.m */ = {isa = PBXFileReference; fileEncoding = 4; lastKnownFileType = sourcecode.c.objc; path = SBJsonParser.m; sourceTree = "<group>"; };
		BAE7ACBC1B8DA2BC00A2B413 /* SBJsonWriter.h */ = {isa = PBXFileReference; fileEncoding = 4; lastKnownFileType = sourcecode.c.h; path = SBJsonWriter.h; sourceTree = "<group>"; };
		BAE7ACBD1B8DA2BC00A2B413 /* SBJsonWriter.m */ = {isa = PBXFileReference; fileEncoding = 4; lastKnownFileType = sourcecode.c.objc; path = SBJsonWriter.m; sourceTree = "<group>"; };
		BAE7ACBF1B8DA2BC00A2B413 /* NetManager.h */ = {isa = PBXFileReference; fileEncoding = 4; lastKnownFileType = sourcecode.c.h; path = NetManager.h; sourceTree = "<group>"; };
		BAE7ACC01B8DA2BC00A2B413 /* NetManager.m */ = {isa = PBXFileReference; fileEncoding = 4; lastKnownFileType = sourcecode.c.objc; path = NetManager.m; sourceTree = "<group>"; };
		BAE7AD891B8DE18700A2B413 /* AFHTTPClient.h */ = {isa = PBXFileReference; fileEncoding = 4; lastKnownFileType = sourcecode.c.h; path = AFHTTPClient.h; sourceTree = "<group>"; };
		BAE7AD8A1B8DE18700A2B413 /* AFHTTPClient.m */ = {isa = PBXFileReference; fileEncoding = 4; lastKnownFileType = sourcecode.c.objc; path = AFHTTPClient.m; sourceTree = "<group>"; };
		BAE7AD8B1B8DE18700A2B413 /* AFHTTPRequestOperation.h */ = {isa = PBXFileReference; fileEncoding = 4; lastKnownFileType = sourcecode.c.h; path = AFHTTPRequestOperation.h; sourceTree = "<group>"; };
		BAE7AD8C1B8DE18700A2B413 /* AFHTTPRequestOperation.m */ = {isa = PBXFileReference; fileEncoding = 4; lastKnownFileType = sourcecode.c.objc; path = AFHTTPRequestOperation.m; sourceTree = "<group>"; };
		BAE7AD8D1B8DE18700A2B413 /* AFImageRequestOperation.h */ = {isa = PBXFileReference; fileEncoding = 4; lastKnownFileType = sourcecode.c.h; path = AFImageRequestOperation.h; sourceTree = "<group>"; };
		BAE7AD8E1B8DE18700A2B413 /* AFImageRequestOperation.m */ = {isa = PBXFileReference; fileEncoding = 4; lastKnownFileType = sourcecode.c.objc; path = AFImageRequestOperation.m; sourceTree = "<group>"; };
		BAE7AD8F1B8DE18700A2B413 /* AFJSONRequestOperation.h */ = {isa = PBXFileReference; fileEncoding = 4; lastKnownFileType = sourcecode.c.h; path = AFJSONRequestOperation.h; sourceTree = "<group>"; };
		BAE7AD901B8DE18700A2B413 /* AFJSONRequestOperation.m */ = {isa = PBXFileReference; fileEncoding = 4; lastKnownFileType = sourcecode.c.objc; path = AFJSONRequestOperation.m; sourceTree = "<group>"; };
		BAE7AD911B8DE18700A2B413 /* AFNetManager.h */ = {isa = PBXFileReference; fileEncoding = 4; lastKnownFileType = sourcecode.c.h; path = AFNetManager.h; sourceTree = "<group>"; };
		BAE7AD921B8DE18700A2B413 /* AFNetManager.m */ = {isa = PBXFileReference; fileEncoding = 4; lastKnownFileType = sourcecode.c.objc; path = AFNetManager.m; sourceTree = "<group>"; };
		BAE7AD931B8DE18700A2B413 /* AFNetworkActivityIndicatorManager.h */ = {isa = PBXFileReference; fileEncoding = 4; lastKnownFileType = sourcecode.c.h; path = AFNetworkActivityIndicatorManager.h; sourceTree = "<group>"; };
		BAE7AD941B8DE18700A2B413 /* AFNetworkActivityIndicatorManager.m */ = {isa = PBXFileReference; fileEncoding = 4; lastKnownFileType = sourcecode.c.objc; path = AFNetworkActivityIndicatorManager.m; sourceTree = "<group>"; };
		BAE7AD951B8DE18700A2B413 /* AFNetworking.h */ = {isa = PBXFileReference; fileEncoding = 4; lastKnownFileType = sourcecode.c.h; path = AFNetworking.h; sourceTree = "<group>"; };
		BAE7AD961B8DE18700A2B413 /* AFPropertyListRequestOperation.h */ = {isa = PBXFileReference; fileEncoding = 4; lastKnownFileType = sourcecode.c.h; path = AFPropertyListRequestOperation.h; sourceTree = "<group>"; };
		BAE7AD971B8DE18700A2B413 /* AFPropertyListRequestOperation.m */ = {isa = PBXFileReference; fileEncoding = 4; lastKnownFileType = sourcecode.c.objc; path = AFPropertyListRequestOperation.m; sourceTree = "<group>"; };
		BAE7AD981B8DE18700A2B413 /* AFURLConnectionOperation.h */ = {isa = PBXFileReference; fileEncoding = 4; lastKnownFileType = sourcecode.c.h; path = AFURLConnectionOperation.h; sourceTree = "<group>"; };
		BAE7AD991B8DE18700A2B413 /* AFURLConnectionOperation.m */ = {isa = PBXFileReference; fileEncoding = 4; lastKnownFileType = sourcecode.c.objc; path = AFURLConnectionOperation.m; sourceTree = "<group>"; };
		BAE7AD9A1B8DE18700A2B413 /* AFXMLRequestOperation.h */ = {isa = PBXFileReference; fileEncoding = 4; lastKnownFileType = sourcecode.c.h; path = AFXMLRequestOperation.h; sourceTree = "<group>"; };
		BAE7AD9B1B8DE18700A2B413 /* AFXMLRequestOperation.m */ = {isa = PBXFileReference; fileEncoding = 4; lastKnownFileType = sourcecode.c.objc; path = AFXMLRequestOperation.m; sourceTree = "<group>"; };
		BAE7AD9C1B8DE18700A2B413 /* UIImageView+AFNetworking.h */ = {isa = PBXFileReference; fileEncoding = 4; lastKnownFileType = sourcecode.c.h; path = "UIImageView+AFNetworking.h"; sourceTree = "<group>"; };
		BAE7AD9D1B8DE18700A2B413 /* UIImageView+AFNetworking.m */ = {isa = PBXFileReference; fileEncoding = 4; lastKnownFileType = sourcecode.c.objc; path = "UIImageView+AFNetworking.m"; sourceTree = "<group>"; };
		BAE7ADA81B8DE1BE00A2B413 /* DataManager.h */ = {isa = PBXFileReference; fileEncoding = 4; lastKnownFileType = sourcecode.c.h; path = DataManager.h; sourceTree = "<group>"; };
		BAE7ADA91B8DE1BE00A2B413 /* DataManager.m */ = {isa = PBXFileReference; fileEncoding = 4; lastKnownFileType = sourcecode.c.objc; path = DataManager.m; sourceTree = "<group>"; };
		BAE7ADAB1B8DE44200A2B413 /* Common.h */ = {isa = PBXFileReference; fileEncoding = 4; lastKnownFileType = sourcecode.c.h; path = Common.h; sourceTree = "<group>"; };
		BAE7ADAC1B8DE44200A2B413 /* Common.m */ = {isa = PBXFileReference; fileEncoding = 4; lastKnownFileType = sourcecode.c.objc; path = Common.m; sourceTree = "<group>"; };
		BAE7ADB21B8DF55D00A2B413 /* UserDefaultsManager.h */ = {isa = PBXFileReference; fileEncoding = 4; lastKnownFileType = sourcecode.c.h; path = UserDefaultsManager.h; sourceTree = "<group>"; };
		BAE7ADB31B8DF55D00A2B413 /* UserDefaultsManager.m */ = {isa = PBXFileReference; fileEncoding = 4; lastKnownFileType = sourcecode.c.objc; path = UserDefaultsManager.m; sourceTree = "<group>"; };
		BAE7ADB51B8DF70B00A2B413 /* Contants.h */ = {isa = PBXFileReference; lastKnownFileType = sourcecode.c.h; path = Contants.h; sourceTree = "<group>"; };
		F110E2BD1ADFC6AC0091104F /* passagetells.app */ = {isa = PBXFileReference; explicitFileType = wrapper.application; includeInIndex = 0; path = passagetells.app; sourceTree = BUILT_PRODUCTS_DIR; };
		F122836A1A604F6500DBCE61 /* Info.plist */ = {isa = PBXFileReference; lastKnownFileType = text.plist.xml; path = Info.plist; sourceTree = "<group>"; };
		F122836B1A604F6500DBCE61 /* AppDelegate.swift */ = {isa = PBXFileReference; lastKnownFileType = sourcecode.swift; path = AppDelegate.swift; sourceTree = "<group>"; };
		F122836D1A604F6500DBCE61 /* ViewController.swift */ = {isa = PBXFileReference; lastKnownFileType = sourcecode.swift; path = ViewController.swift; sourceTree = "<group>"; };
		F12283701A604F6500DBCE61 /* Base */ = {isa = PBXFileReference; lastKnownFileType = file.storyboard; name = Base; path = Base.lproj/Main.storyboard; sourceTree = "<group>"; };
		F12283721A604F6500DBCE61 /* Images.xcassets */ = {isa = PBXFileReference; lastKnownFileType = folder.assetcatalog; path = Images.xcassets; sourceTree = "<group>"; };
		F12283751A604F6500DBCE61 /* Base */ = {isa = PBXFileReference; lastKnownFileType = file.xib; name = Base; path = Base.lproj/LaunchScreen.xib; sourceTree = "<group>"; };
		F193FF581A6067520092B355 /* hebron-Bridging-Header.h */ = {isa = PBXFileReference; lastKnownFileType = sourcecode.c.h; path = "hebron-Bridging-Header.h"; sourceTree = "<group>"; };
		F193FF591A6067520092B355 /* Objc.h */ = {isa = PBXFileReference; fileEncoding = 4; lastKnownFileType = sourcecode.c.h; path = Objc.h; sourceTree = "<group>"; };
		F193FF5A1A6067520092B355 /* Objc.m */ = {isa = PBXFileReference; fileEncoding = 4; lastKnownFileType = sourcecode.c.objc; path = Objc.m; sourceTree = "<group>"; };
		F1EDC6DA1B6601AE002300CA /* AMReachability.swift */ = {isa = PBXFileReference; fileEncoding = 4; lastKnownFileType = sourcecode.swift; path = AMReachability.swift; sourceTree = SOURCE_ROOT; };
		FF3A20012417BB6AAF40A331 /* libPods.a */ = {isa = PBXFileReference; explicitFileType = archive.ar; includeInIndex = 0; path = libPods.a; sourceTree = BUILT_PRODUCTS_DIR; };
/* End PBXFileReference section */

/* Begin PBXFrameworksBuildPhase section */
		F12283631A604F6500DBCE61 /* Frameworks */ = {
			isa = PBXFrameworksBuildPhase;
			buildActionMask = 2147483647;
			files = (
				C4264231198CAE4E176D1535 /* libPods.a in Frameworks */,
			);
			runOnlyForDeploymentPostprocessing = 0;
		};
/* End PBXFrameworksBuildPhase section */

/* Begin PBXGroup section */
		6ACD411168CD8A3D06132C05 /* Pods */ = {
			isa = PBXGroup;
			children = (
				24A700C9A539A69079D08BBE /* Pods.debug.xcconfig */,
				5D58061C9A214C5077236974 /* Pods.release.xcconfig */,
			);
			name = Pods;
			sourceTree = "<group>";
		};
		BAE7AC7F1B8D84B700A2B413 /* Mp3 */ = {
			isa = PBXGroup;
			children = (
				47D7D4BD1B97274A0048C0E9 /* closeicon.jpeg */,
			);
			name = Mp3;
			sourceTree = "<group>";
		};
		BAE7ACAC1B8D84EC00A2B413 /* MBProgressHUD */ = {
			isa = PBXGroup;
			children = (
				BAE7ACAD1B8D84F900A2B413 /* MBProgressHUD.h */,
				BAE7ACAE1B8D84F900A2B413 /* MBProgressHUD.m */,
			);
			name = MBProgressHUD;
			sourceTree = "<group>";
		};
		BAE7ACB01B8DA2BC00A2B413 /* JSON */ = {
			isa = PBXGroup;
			children = (
				BAE7ACB11B8DA2BC00A2B413 /* JSON.h */,
				BAE7ACB21B8DA2BC00A2B413 /* NSObject+SBJSON.h */,
				BAE7ACB31B8DA2BC00A2B413 /* NSObject+SBJSON.m */,
				BAE7ACB41B8DA2BC00A2B413 /* NSString+SBJSON.h */,
				BAE7ACB51B8DA2BC00A2B413 /* NSString+SBJSON.m */,
				BAE7ACB61B8DA2BC00A2B413 /* SBJSON.h */,
				BAE7ACB71B8DA2BC00A2B413 /* SBJSON.m */,
				BAE7ACB81B8DA2BC00A2B413 /* SBJsonBase.h */,
				BAE7ACB91B8DA2BC00A2B413 /* SBJsonBase.m */,
				BAE7ACBA1B8DA2BC00A2B413 /* SBJsonParser.h */,
				BAE7ACBB1B8DA2BC00A2B413 /* SBJsonParser.m */,
				BAE7ACBC1B8DA2BC00A2B413 /* SBJsonWriter.h */,
				BAE7ACBD1B8DA2BC00A2B413 /* SBJsonWriter.m */,
			);
			path = JSON;
			sourceTree = "<group>";
		};
		BAE7ACBE1B8DA2BC00A2B413 /* NetManager */ = {
			isa = PBXGroup;
			children = (
				BAE7ACBF1B8DA2BC00A2B413 /* NetManager.h */,
				BAE7ACC01B8DA2BC00A2B413 /* NetManager.m */,
			);
			path = NetManager;
			sourceTree = "<group>";
		};
		BAE7AD881B8DE18700A2B413 /* AFNetworking */ = {
			isa = PBXGroup;
			children = (
				BAE7AD891B8DE18700A2B413 /* AFHTTPClient.h */,
				BAE7AD8A1B8DE18700A2B413 /* AFHTTPClient.m */,
				BAE7AD8B1B8DE18700A2B413 /* AFHTTPRequestOperation.h */,
				BAE7AD8C1B8DE18700A2B413 /* AFHTTPRequestOperation.m */,
				BAE7AD8D1B8DE18700A2B413 /* AFImageRequestOperation.h */,
				BAE7AD8E1B8DE18700A2B413 /* AFImageRequestOperation.m */,
				BAE7AD8F1B8DE18700A2B413 /* AFJSONRequestOperation.h */,
				BAE7AD901B8DE18700A2B413 /* AFJSONRequestOperation.m */,
				BAE7AD911B8DE18700A2B413 /* AFNetManager.h */,
				BAE7AD921B8DE18700A2B413 /* AFNetManager.m */,
				BAE7AD931B8DE18700A2B413 /* AFNetworkActivityIndicatorManager.h */,
				BAE7AD941B8DE18700A2B413 /* AFNetworkActivityIndicatorManager.m */,
				BAE7AD951B8DE18700A2B413 /* AFNetworking.h */,
				BAE7AD961B8DE18700A2B413 /* AFPropertyListRequestOperation.h */,
				BAE7AD971B8DE18700A2B413 /* AFPropertyListRequestOperation.m */,
				BAE7AD981B8DE18700A2B413 /* AFURLConnectionOperation.h */,
				BAE7AD991B8DE18700A2B413 /* AFURLConnectionOperation.m */,
				BAE7AD9A1B8DE18700A2B413 /* AFXMLRequestOperation.h */,
				BAE7AD9B1B8DE18700A2B413 /* AFXMLRequestOperation.m */,
				BAE7AD9C1B8DE18700A2B413 /* UIImageView+AFNetworking.h */,
				BAE7AD9D1B8DE18700A2B413 /* UIImageView+AFNetworking.m */,
			);
			path = AFNetworking;
			sourceTree = "<group>";
		};
		BAE7ADB11B8DF55D00A2B413 /* UserDefaultsManager */ = {
			isa = PBXGroup;
			children = (
				BAE7ADB21B8DF55D00A2B413 /* UserDefaultsManager.h */,
				BAE7ADB31B8DF55D00A2B413 /* UserDefaultsManager.m */,
			);
			path = UserDefaultsManager;
			sourceTree = "<group>";
		};
		D9AF49DC5373441663AB6849 /* Frameworks */ = {
			isa = PBXGroup;
			children = (
				FF3A20012417BB6AAF40A331 /* libPods.a */,
			);
			name = Frameworks;
			sourceTree = "<group>";
		};
		F122835D1A604F6500DBCE61 = {
			isa = PBXGroup;
			children = (
				F12283681A604F6500DBCE61 /* hebron */,
				6ACD411168CD8A3D06132C05 /* Pods */,
				D9AF49DC5373441663AB6849 /* Frameworks */,
				F110E2BD1ADFC6AC0091104F /* passagetells.app */,
			);
			sourceTree = "<group>";
		};
		F12283681A604F6500DBCE61 /* hebron */ = {
			isa = PBXGroup;
			children = (
				BAE7ADB11B8DF55D00A2B413 /* UserDefaultsManager */,
				BAE7AD881B8DE18700A2B413 /* AFNetworking */,
				BAE7ACB01B8DA2BC00A2B413 /* JSON */,
				BAE7ACBE1B8DA2BC00A2B413 /* NetManager */,
				BAE7ACAC1B8D84EC00A2B413 /* MBProgressHUD */,
				F122836B1A604F6500DBCE61 /* AppDelegate.swift */,
				F122836D1A604F6500DBCE61 /* ViewController.swift */,
				BAE7ADB51B8DF70B00A2B413 /* Contants.h */,
				BAE532C91B8CFCDB00EACDBD /* WebViewController.h */,
				BAE532CA1B8CFCDB00EACDBD /* WebViewController.m */,
				F193FF591A6067520092B355 /* Objc.h */,
				F193FF5A1A6067520092B355 /* Objc.m */,
				BAE7ADA81B8DE1BE00A2B413 /* DataManager.h */,
				BAE7ADA91B8DE1BE00A2B413 /* DataManager.m */,
				BAE7ADAB1B8DE44200A2B413 /* Common.h */,
				BAE7ADAC1B8DE44200A2B413 /* Common.m */,
				F122836F1A604F6500DBCE61 /* Main.storyboard */,
				F12283721A604F6500DBCE61 /* Images.xcassets */,
				F12283741A604F6500DBCE61 /* LaunchScreen.xib */,
				F193FF581A6067520092B355 /* hebron-Bridging-Header.h */,
				F12283691A604F6500DBCE61 /* Supporting Files */,
				473E0BA01B8E594B00777AB0 /* BeaconListener.swift */,
			);
			path = hebron;
			sourceTree = "<group>";
		};
		F12283691A604F6500DBCE61 /* Supporting Files */ = {
			isa = PBXGroup;
			children = (
				BAE7AC7F1B8D84B700A2B413 /* Mp3 */,
				476C2C191B8CEB5F00038071 /* icon400.png */,
				F1EDC6DA1B6601AE002300CA /* AMReachability.swift */,
				F122836A1A604F6500DBCE61 /* Info.plist */,
			);
			name = "Supporting Files";
			sourceTree = "<group>";
		};
/* End PBXGroup section */

/* Begin PBXNativeTarget section */
		F12283651A604F6500DBCE61 /* passagetells */ = {
			isa = PBXNativeTarget;
			buildConfigurationList = F12283851A604F6500DBCE61 /* Build configuration list for PBXNativeTarget "passagetells" */;
			buildPhases = (
				B7574624E14D66643115DFC9 /* Check Pods Manifest.lock */,
				F12283621A604F6500DBCE61 /* Sources */,
				F12283631A604F6500DBCE61 /* Frameworks */,
				F12283641A604F6500DBCE61 /* Resources */,
				C993223081C46D5BA116F349 /* Copy Pods Resources */,
			);
			buildRules = (
			);
			dependencies = (
			);
			name = passagetells;
			productName = hebron;
			productReference = F110E2BD1ADFC6AC0091104F /* passagetells.app */;
			productType = "com.apple.product-type.application";
		};
/* End PBXNativeTarget section */

/* Begin PBXProject section */
		F122835E1A604F6500DBCE61 /* Project object */ = {
			isa = PBXProject;
			attributes = {
				LastUpgradeCheck = 0610;
				ORGANIZATIONNAME = "Daisuke Nakazawa";
				TargetAttributes = {
					F12283651A604F6500DBCE61 = {
						CreatedOnToolsVersion = 6.1.1;
						DevelopmentTeam = 79VKPSV2E3;
						SystemCapabilities = {
							com.apple.BackgroundModes = {
								enabled = 1;
							};
						};
					};
				};
			};
			buildConfigurationList = F12283611A604F6500DBCE61 /* Build configuration list for PBXProject "passagetells" */;
			compatibilityVersion = "Xcode 3.2";
			developmentRegion = English;
			hasScannedForEncodings = 0;
			knownRegions = (
				en,
				Base,
			);
			mainGroup = F122835D1A604F6500DBCE61;
			productRefGroup = F122835D1A604F6500DBCE61;
			projectDirPath = "";
			projectRoot = "";
			targets = (
				F12283651A604F6500DBCE61 /* passagetells */,
			);
		};
/* End PBXProject section */

/* Begin PBXResourcesBuildPhase section */
		F12283641A604F6500DBCE61 /* Resources */ = {
			isa = PBXResourcesBuildPhase;
			buildActionMask = 2147483647;
			files = (
				F12283711A604F6500DBCE61 /* Main.storyboard in Resources */,
				47D7D4BE1B97274A0048C0E9 /* closeicon.jpeg in Resources */,
				F12283761A604F6500DBCE61 /* LaunchScreen.xib in Resources */,
				F12283731A604F6500DBCE61 /* Images.xcassets in Resources */,
				476C2C1A1B8CEB5F00038071 /* icon400.png in Resources */,
			);
			runOnlyForDeploymentPostprocessing = 0;
		};
/* End PBXResourcesBuildPhase section */

/* Begin PBXShellScriptBuildPhase section */
		B7574624E14D66643115DFC9 /* Check Pods Manifest.lock */ = {
			isa = PBXShellScriptBuildPhase;
			buildActionMask = 2147483647;
			files = (
			);
			inputPaths = (
			);
			name = "Check Pods Manifest.lock";
			outputPaths = (
			);
			runOnlyForDeploymentPostprocessing = 0;
			shellPath = /bin/sh;
			shellScript = "diff \"${PODS_ROOT}/../Podfile.lock\" \"${PODS_ROOT}/Manifest.lock\" > /dev/null\nif [[ $? != 0 ]] ; then\n    cat << EOM\nerror: The sandbox is not in sync with the Podfile.lock. Run 'pod install' or update your CocoaPods installation.\nEOM\n    exit 1\nfi\n";
			showEnvVarsInLog = 0;
		};
		C993223081C46D5BA116F349 /* Copy Pods Resources */ = {
			isa = PBXShellScriptBuildPhase;
			buildActionMask = 2147483647;
			files = (
			);
			inputPaths = (
			);
			name = "Copy Pods Resources";
			outputPaths = (
			);
			runOnlyForDeploymentPostprocessing = 0;
			shellPath = /bin/sh;
			shellScript = "\"${SRCROOT}/Pods/Target Support Files/Pods/Pods-resources.sh\"\n";
			showEnvVarsInLog = 0;
		};
/* End PBXShellScriptBuildPhase section */

/* Begin PBXSourcesBuildPhase section */
		F12283621A604F6500DBCE61 /* Sources */ = {
			isa = PBXSourcesBuildPhase;
			buildActionMask = 2147483647;
			files = (
				BAE7ACC31B8DA2BC00A2B413 /* SBJSON.m in Sources */,
				BAE7ACC61B8DA2BC00A2B413 /* SBJsonWriter.m in Sources */,
				F193FF5B1A6067520092B355 /* Objc.m in Sources */,
				BAE7ACAF1B8D84F900A2B413 /* MBProgressHUD.m in Sources */,
				BAE7ADA31B8DE18700A2B413 /* AFNetworkActivityIndicatorManager.m in Sources */,
				BAE7ADA71B8DE18700A2B413 /* UIImageView+AFNetworking.m in Sources */,
				BAE7ADA21B8DE18700A2B413 /* AFNetManager.m in Sources */,
				BAE532CB1B8CFCDB00EACDBD /* WebViewController.m in Sources */,
				BAE7ADA51B8DE18700A2B413 /* AFURLConnectionOperation.m in Sources */,
				BAE7AD9E1B8DE18700A2B413 /* AFHTTPClient.m in Sources */,
				BAE7ACC51B8DA2BC00A2B413 /* SBJsonParser.m in Sources */,
				473E0BA11B8E594B00777AB0 /* BeaconListener.swift in Sources */,
				BAE7ADB41B8DF55D00A2B413 /* UserDefaultsManager.m in Sources */,
				BAE7ACC71B8DA2BC00A2B413 /* NetManager.m in Sources */,
				BAE7ADAD1B8DE44200A2B413 /* Common.m in Sources */,
				BAE7ADA01B8DE18700A2B413 /* AFImageRequestOperation.m in Sources */,
				BAE7ADAA1B8DE1BE00A2B413 /* DataManager.m in Sources */,
				F122836E1A604F6500DBCE61 /* ViewController.swift in Sources */,
				BAE7ACC11B8DA2BC00A2B413 /* NSObject+SBJSON.m in Sources */,
				F1EDC6DB1B6601AE002300CA /* AMReachability.swift in Sources */,
				BAE7ACC41B8DA2BC00A2B413 /* SBJsonBase.m in Sources */,
				BAE7ADA61B8DE18700A2B413 /* AFXMLRequestOperation.m in Sources */,
				BAE7AD9F1B8DE18700A2B413 /* AFHTTPRequestOperation.m in Sources */,
				BAE7ADA11B8DE18700A2B413 /* AFJSONRequestOperation.m in Sources */,
				BAE7ACC21B8DA2BC00A2B413 /* NSString+SBJSON.m in Sources */,
				BAE7ADA41B8DE18700A2B413 /* AFPropertyListRequestOperation.m in Sources */,
				F122836C1A604F6500DBCE61 /* AppDelegate.swift in Sources */,
			);
			runOnlyForDeploymentPostprocessing = 0;
		};
/* End PBXSourcesBuildPhase section */

/* Begin PBXVariantGroup section */
		F122836F1A604F6500DBCE61 /* Main.storyboard */ = {
			isa = PBXVariantGroup;
			children = (
				F12283701A604F6500DBCE61 /* Base */,
			);
			name = Main.storyboard;
			sourceTree = "<group>";
		};
		F12283741A604F6500DBCE61 /* LaunchScreen.xib */ = {
			isa = PBXVariantGroup;
			children = (
				F12283751A604F6500DBCE61 /* Base */,
			);
			name = LaunchScreen.xib;
			sourceTree = "<group>";
		};
/* End PBXVariantGroup section */

/* Begin XCBuildConfiguration section */
		F12283831A604F6500DBCE61 /* Debug */ = {
			isa = XCBuildConfiguration;
			buildSettings = {
				ALWAYS_SEARCH_USER_PATHS = NO;
				CLANG_CXX_LANGUAGE_STANDARD = "gnu++0x";
				CLANG_CXX_LIBRARY = "libc++";
				CLANG_ENABLE_MODULES = YES;
				CLANG_ENABLE_OBJC_ARC = YES;
				CLANG_WARN_BOOL_CONVERSION = YES;
				CLANG_WARN_CONSTANT_CONVERSION = YES;
				CLANG_WARN_DIRECT_OBJC_ISA_USAGE = YES_ERROR;
				CLANG_WARN_EMPTY_BODY = YES;
				CLANG_WARN_ENUM_CONVERSION = YES;
				CLANG_WARN_INT_CONVERSION = YES;
				CLANG_WARN_OBJC_ROOT_CLASS = YES_ERROR;
				CLANG_WARN_UNREACHABLE_CODE = YES;
				CLANG_WARN__DUPLICATE_METHOD_MATCH = YES;
				"CODE_SIGN_IDENTITY[sdk=iphoneos*]" = "iPhone Developer";
				COPY_PHASE_STRIP = NO;
				ENABLE_STRICT_OBJC_MSGSEND = YES;
				GCC_C_LANGUAGE_STANDARD = gnu99;
				GCC_DYNAMIC_NO_PIC = NO;
				GCC_OPTIMIZATION_LEVEL = 0;
				GCC_PREPROCESSOR_DEFINITIONS = (
					"DEBUG=1",
					"$(inherited)",
				);
				GCC_SYMBOLS_PRIVATE_EXTERN = NO;
				GCC_WARN_64_TO_32_BIT_CONVERSION = YES;
				GCC_WARN_ABOUT_RETURN_TYPE = YES_ERROR;
				GCC_WARN_UNDECLARED_SELECTOR = YES;
				GCC_WARN_UNINITIALIZED_AUTOS = YES_AGGRESSIVE;
				GCC_WARN_UNUSED_FUNCTION = YES;
				GCC_WARN_UNUSED_VARIABLE = YES;
				IPHONEOS_DEPLOYMENT_TARGET = 7.0;
				MTL_ENABLE_DEBUG_INFO = YES;
				ONLY_ACTIVE_ARCH = YES;
				SDKROOT = iphoneos;
				SWIFT_OPTIMIZATION_LEVEL = "-Onone";
				TARGETED_DEVICE_FAMILY = "1,2";
			};
			name = Debug;
		};
		F12283841A604F6500DBCE61 /* Release */ = {
			isa = XCBuildConfiguration;
			buildSettings = {
				ALWAYS_SEARCH_USER_PATHS = NO;
				CLANG_CXX_LANGUAGE_STANDARD = "gnu++0x";
				CLANG_CXX_LIBRARY = "libc++";
				CLANG_ENABLE_MODULES = YES;
				CLANG_ENABLE_OBJC_ARC = YES;
				CLANG_WARN_BOOL_CONVERSION = YES;
				CLANG_WARN_CONSTANT_CONVERSION = YES;
				CLANG_WARN_DIRECT_OBJC_ISA_USAGE = YES_ERROR;
				CLANG_WARN_EMPTY_BODY = YES;
				CLANG_WARN_ENUM_CONVERSION = YES;
				CLANG_WARN_INT_CONVERSION = YES;
				CLANG_WARN_OBJC_ROOT_CLASS = YES_ERROR;
				CLANG_WARN_UNREACHABLE_CODE = YES;
				CLANG_WARN__DUPLICATE_METHOD_MATCH = YES;
				"CODE_SIGN_IDENTITY[sdk=iphoneos*]" = "iPhone Developer";
				COPY_PHASE_STRIP = YES;
				ENABLE_NS_ASSERTIONS = NO;
				ENABLE_STRICT_OBJC_MSGSEND = YES;
				GCC_C_LANGUAGE_STANDARD = gnu99;
				GCC_WARN_64_TO_32_BIT_CONVERSION = YES;
				GCC_WARN_ABOUT_RETURN_TYPE = YES_ERROR;
				GCC_WARN_UNDECLARED_SELECTOR = YES;
				GCC_WARN_UNINITIALIZED_AUTOS = YES_AGGRESSIVE;
				GCC_WARN_UNUSED_FUNCTION = YES;
				GCC_WARN_UNUSED_VARIABLE = YES;
				IPHONEOS_DEPLOYMENT_TARGET = 7.0;
				MTL_ENABLE_DEBUG_INFO = NO;
				SDKROOT = iphoneos;
				TARGETED_DEVICE_FAMILY = "1,2";
				VALIDATE_PRODUCT = YES;
			};
			name = Release;
		};
		F12283861A604F6500DBCE61 /* Debug */ = {
			isa = XCBuildConfiguration;
			baseConfigurationReference = 24A700C9A539A69079D08BBE /* Pods.debug.xcconfig */;
			buildSettings = {
				ASSETCATALOG_COMPILER_APPICON_NAME = AppIcon;
				ASSETCATALOG_COMPILER_LAUNCHIMAGE_NAME = LaunchImage;
				CLANG_ENABLE_MODULES = YES;
				CODE_SIGN_IDENTITY = "iPhone Developer";
				"CODE_SIGN_IDENTITY[sdk=iphoneos*]" = "iPhone Developer";
				INFOPLIST_FILE = hebron/Info.plist;
				IPHONEOS_DEPLOYMENT_TARGET = 7.0;
				LD_RUNPATH_SEARCH_PATHS = "$(inherited) @executable_path/Frameworks";
				PRODUCT_NAME = passagetells;
				PROVISIONING_PROFILE = "";
				SWIFT_OBJC_BRIDGING_HEADER = "hebron/hebron-Bridging-Header.h";
				SWIFT_OPTIMIZATION_LEVEL = "-Onone";
				TARGETED_DEVICE_FAMILY = "1,2";
			};
			name = Debug;
		};
		F12283871A604F6500DBCE61 /* Release */ = {
			isa = XCBuildConfiguration;
			baseConfigurationReference = 5D58061C9A214C5077236974 /* Pods.release.xcconfig */;
			buildSettings = {
				ASSETCATALOG_COMPILER_APPICON_NAME = AppIcon;
				ASSETCATALOG_COMPILER_LAUNCHIMAGE_NAME = LaunchImage;
				CLANG_ENABLE_MODULES = YES;
				CODE_SIGN_IDENTITY = "iPhone Developer";
				"CODE_SIGN_IDENTITY[sdk=iphoneos*]" = "iPhone Developer";
				INFOPLIST_FILE = hebron/Info.plist;
				IPHONEOS_DEPLOYMENT_TARGET = 7.0;
				LD_RUNPATH_SEARCH_PATHS = "$(inherited) @executable_path/Frameworks";
				PRODUCT_NAME = passagetells;
				PROVISIONING_PROFILE = "";
				SWIFT_OBJC_BRIDGING_HEADER = "hebron/hebron-Bridging-Header.h";
				TARGETED_DEVICE_FAMILY = "1,2";
			};
			name = Release;
		};
/* End XCBuildConfiguration section */

/* Begin XCConfigurationList section */
		F12283611A604F6500DBCE61 /* Build configuration list for PBXProject "passagetells" */ = {
			isa = XCConfigurationList;
			buildConfigurations = (
				F12283831A604F6500DBCE61 /* Debug */,
				F12283841A604F6500DBCE61 /* Release */,
			);
			defaultConfigurationIsVisible = 0;
			defaultConfigurationName = Release;
		};
		F12283851A604F6500DBCE61 /* Build configuration list for PBXNativeTarget "passagetells" */ = {
			isa = XCConfigurationList;
			buildConfigurations = (
				F12283861A604F6500DBCE61 /* Debug */,
				F12283871A604F6500DBCE61 /* Release */,
			);
			defaultConfigurationIsVisible = 0;
			defaultConfigurationName = Release;
		};
/* End XCConfigurationList section */
	};
	rootObject = F122835E1A604F6500DBCE61 /* Project object */;
}
