// !$*UTF8*$!
{
	archiveVersion = 1;
	classes = {
	};
	objectVersion = 46;
	objects = {

/* Begin PBXBuildFile section */
		C4264231198CAE4E176D1535 /* libPods.a in Frameworks */ = {isa = PBXBuildFile; fileRef = FF3A20012417BB6AAF40A331 /* libPods.a */; };
		F122836C1A604F6500DBCE61 /* AppDelegate.swift in Sources */ = {isa = PBXBuildFile; fileRef = F122836B1A604F6500DBCE61 /* AppDelegate.swift */; };
		F122836E1A604F6500DBCE61 /* ViewController.swift in Sources */ = {isa = PBXBuildFile; fileRef = F122836D1A604F6500DBCE61 /* ViewController.swift */; };
		F12283711A604F6500DBCE61 /* Main.storyboard in Resources */ = {isa = PBXBuildFile; fileRef = F122836F1A604F6500DBCE61 /* Main.storyboard */; };
		F12283731A604F6500DBCE61 /* Images.xcassets in Resources */ = {isa = PBXBuildFile; fileRef = F12283721A604F6500DBCE61 /* Images.xcassets */; };
		F12283761A604F6500DBCE61 /* LaunchScreen.xib in Resources */ = {isa = PBXBuildFile; fileRef = F12283741A604F6500DBCE61 /* LaunchScreen.xib */; };
		F12802171B6F70B2003AC25C /* 0000.mp3 in Resources */ = {isa = PBXBuildFile; fileRef = F12802161B6F70B2003AC25C /* 0000.mp3 */; };
		F13D1E121B731E9D00EA2A09 /* 0017.mp3 in Resources */ = {isa = PBXBuildFile; fileRef = F13D1DFE1B731E9D00EA2A09 /* 0017.mp3 */; };
		F13D1E131B731E9D00EA2A09 /* bg01.mp3 in Resources */ = {isa = PBXBuildFile; fileRef = F13D1DFF1B731E9D00EA2A09 /* bg01.mp3 */; };
		F13D1E141B731E9D00EA2A09 /* bg02.mp3 in Resources */ = {isa = PBXBuildFile; fileRef = F13D1E001B731E9D00EA2A09 /* bg02.mp3 */; };
		F13D1E151B731E9D00EA2A09 /* bg03.mp3 in Resources */ = {isa = PBXBuildFile; fileRef = F13D1E011B731E9D00EA2A09 /* bg03.mp3 */; };
		F13D1E461B75802700EA2A09 /* 0001.mp3 in Resources */ = {isa = PBXBuildFile; fileRef = F13D1E361B75802700EA2A09 /* 0001.mp3 */; };
		F13D1E471B75802700EA2A09 /* 0002.mp3 in Resources */ = {isa = PBXBuildFile; fileRef = F13D1E371B75802700EA2A09 /* 0002.mp3 */; };
		F13D1E481B75802700EA2A09 /* 0003.mp3 in Resources */ = {isa = PBXBuildFile; fileRef = F13D1E381B75802700EA2A09 /* 0003.mp3 */; };
		F13D1E491B75802700EA2A09 /* 0004.mp3 in Resources */ = {isa = PBXBuildFile; fileRef = F13D1E391B75802700EA2A09 /* 0004.mp3 */; };
		F13D1E4A1B75802700EA2A09 /* 0005.mp3 in Resources */ = {isa = PBXBuildFile; fileRef = F13D1E3A1B75802700EA2A09 /* 0005.mp3 */; };
		F13D1E4B1B75802700EA2A09 /* 0006.mp3 in Resources */ = {isa = PBXBuildFile; fileRef = F13D1E3B1B75802700EA2A09 /* 0006.mp3 */; };
		F13D1E4C1B75802700EA2A09 /* 0007.mp3 in Resources */ = {isa = PBXBuildFile; fileRef = F13D1E3C1B75802700EA2A09 /* 0007.mp3 */; };
		F13D1E4D1B75802700EA2A09 /* 0008.mp3 in Resources */ = {isa = PBXBuildFile; fileRef = F13D1E3D1B75802700EA2A09 /* 0008.mp3 */; };
		F13D1E4E1B75802700EA2A09 /* 0009.mp3 in Resources */ = {isa = PBXBuildFile; fileRef = F13D1E3E1B75802700EA2A09 /* 0009.mp3 */; };
		F13D1E4F1B75802700EA2A09 /* 0010.mp3 in Resources */ = {isa = PBXBuildFile; fileRef = F13D1E3F1B75802700EA2A09 /* 0010.mp3 */; };
		F13D1E501B75802700EA2A09 /* 0011.mp3 in Resources */ = {isa = PBXBuildFile; fileRef = F13D1E401B75802700EA2A09 /* 0011.mp3 */; };
		F13D1E511B75802700EA2A09 /* 0012.mp3 in Resources */ = {isa = PBXBuildFile; fileRef = F13D1E411B75802700EA2A09 /* 0012.mp3 */; };
		F13D1E521B75802700EA2A09 /* 0013.mp3 in Resources */ = {isa = PBXBuildFile; fileRef = F13D1E421B75802700EA2A09 /* 0013.mp3 */; };
		F13D1E531B75802700EA2A09 /* 0014.mp3 in Resources */ = {isa = PBXBuildFile; fileRef = F13D1E431B75802700EA2A09 /* 0014.mp3 */; };
		F13D1E541B75802700EA2A09 /* 0015.mp3 in Resources */ = {isa = PBXBuildFile; fileRef = F13D1E441B75802700EA2A09 /* 0015.mp3 */; };
		F13D1E551B75802700EA2A09 /* 0016.mp3 in Resources */ = {isa = PBXBuildFile; fileRef = F13D1E451B75802700EA2A09 /* 0016.mp3 */; };
		F193FF5B1A6067520092B355 /* Objc.m in Sources */ = {isa = PBXBuildFile; fileRef = F193FF5A1A6067520092B355 /* Objc.m */; };
		F1EDC6D91B660102002300CA /* icon400.png in Resources */ = {isa = PBXBuildFile; fileRef = F1EDC6D81B660102002300CA /* icon400.png */; };
		F1EDC6DB1B6601AE002300CA /* AMReachability.swift in Sources */ = {isa = PBXBuildFile; fileRef = F1EDC6DA1B6601AE002300CA /* AMReachability.swift */; };
/* End PBXBuildFile section */

/* Begin PBXFileReference section */
		24A700C9A539A69079D08BBE /* Pods.debug.xcconfig */ = {isa = PBXFileReference; includeInIndex = 1; lastKnownFileType = text.xcconfig; name = Pods.debug.xcconfig; path = "Pods/Target Support Files/Pods/Pods.debug.xcconfig"; sourceTree = "<group>"; };
		5D58061C9A214C5077236974 /* Pods.release.xcconfig */ = {isa = PBXFileReference; includeInIndex = 1; lastKnownFileType = text.xcconfig; name = Pods.release.xcconfig; path = "Pods/Target Support Files/Pods/Pods.release.xcconfig"; sourceTree = "<group>"; };
		F110E2BD1ADFC6AC0091104F /* passagetells.app */ = {isa = PBXFileReference; explicitFileType = wrapper.application; includeInIndex = 0; path = passagetells.app; sourceTree = BUILT_PRODUCTS_DIR; };
		F122836A1A604F6500DBCE61 /* Info.plist */ = {isa = PBXFileReference; lastKnownFileType = text.plist.xml; path = Info.plist; sourceTree = "<group>"; };
		F122836B1A604F6500DBCE61 /* AppDelegate.swift */ = {isa = PBXFileReference; lastKnownFileType = sourcecode.swift; path = AppDelegate.swift; sourceTree = "<group>"; };
		F122836D1A604F6500DBCE61 /* ViewController.swift */ = {isa = PBXFileReference; lastKnownFileType = sourcecode.swift; path = ViewController.swift; sourceTree = "<group>"; };
		F12283701A604F6500DBCE61 /* Base */ = {isa = PBXFileReference; lastKnownFileType = file.storyboard; name = Base; path = Base.lproj/Main.storyboard; sourceTree = "<group>"; };
		F12283721A604F6500DBCE61 /* Images.xcassets */ = {isa = PBXFileReference; lastKnownFileType = folder.assetcatalog; path = Images.xcassets; sourceTree = "<group>"; };
		F12283751A604F6500DBCE61 /* Base */ = {isa = PBXFileReference; lastKnownFileType = file.xib; name = Base; path = Base.lproj/LaunchScreen.xib; sourceTree = "<group>"; };
		F12802161B6F70B2003AC25C /* 0000.mp3 */ = {isa = PBXFileReference; lastKnownFileType = audio.mp3; name = 0000.mp3; path = "../../../../Google Drive/Major project/Edinburgh/app sound files/original from brixton/0000.mp3"; sourceTree = "<group>"; };
		F13D1DFE1B731E9D00EA2A09 /* 0017.mp3 */ = {isa = PBXFileReference; lastKnownFileType = audio.mp3; name = 0017.mp3; path = "../../../../Google Drive/Major project/Edinburgh/soundtrack/app/0017.mp3"; sourceTree = "<group>"; };
		F13D1DFF1B731E9D00EA2A09 /* bg01.mp3 */ = {isa = PBXFileReference; lastKnownFileType = audio.mp3; name = bg01.mp3; path = "../../../../Google Drive/Major project/Edinburgh/soundtrack/app/bg01.mp3"; sourceTree = "<group>"; };
		F13D1E001B731E9D00EA2A09 /* bg02.mp3 */ = {isa = PBXFileReference; lastKnownFileType = audio.mp3; name = bg02.mp3; path = "../../../../Google Drive/Major project/Edinburgh/soundtrack/app/bg02.mp3"; sourceTree = "<group>"; };
		F13D1E011B731E9D00EA2A09 /* bg03.mp3 */ = {isa = PBXFileReference; lastKnownFileType = audio.mp3; name = bg03.mp3; path = "../../../../Google Drive/Major project/Edinburgh/soundtrack/app/bg03.mp3"; sourceTree = "<group>"; };
		F13D1E361B75802700EA2A09 /* 0001.mp3 */ = {isa = PBXFileReference; lastKnownFileType = audio.mp3; name = 0001.mp3; path = "../../../../Google Drive/Major project/Edinburgh/soundtrack/06AUG15/0001.mp3"; sourceTree = "<group>"; };
		F13D1E371B75802700EA2A09 /* 0002.mp3 */ = {isa = PBXFileReference; lastKnownFileType = audio.mp3; name = 0002.mp3; path = "../../../../Google Drive/Major project/Edinburgh/soundtrack/06AUG15/0002.mp3"; sourceTree = "<group>"; };
		F13D1E381B75802700EA2A09 /* 0003.mp3 */ = {isa = PBXFileReference; lastKnownFileType = audio.mp3; name = 0003.mp3; path = "../../../../Google Drive/Major project/Edinburgh/soundtrack/06AUG15/0003.mp3"; sourceTree = "<group>"; };
		F13D1E391B75802700EA2A09 /* 0004.mp3 */ = {isa = PBXFileReference; lastKnownFileType = audio.mp3; name = 0004.mp3; path = "../../../../Google Drive/Major project/Edinburgh/soundtrack/06AUG15/0004.mp3"; sourceTree = "<group>"; };
		F13D1E3A1B75802700EA2A09 /* 0005.mp3 */ = {isa = PBXFileReference; lastKnownFileType = audio.mp3; name = 0005.mp3; path = "../../../../Google Drive/Major project/Edinburgh/soundtrack/06AUG15/0005.mp3"; sourceTree = "<group>"; };
		F13D1E3B1B75802700EA2A09 /* 0006.mp3 */ = {isa = PBXFileReference; lastKnownFileType = audio.mp3; name = 0006.mp3; path = "../../../../Google Drive/Major project/Edinburgh/soundtrack/06AUG15/0006.mp3"; sourceTree = "<group>"; };
		F13D1E3C1B75802700EA2A09 /* 0007.mp3 */ = {isa = PBXFileReference; lastKnownFileType = audio.mp3; name = 0007.mp3; path = "../../../../Google Drive/Major project/Edinburgh/soundtrack/06AUG15/0007.mp3"; sourceTree = "<group>"; };
		F13D1E3D1B75802700EA2A09 /* 0008.mp3 */ = {isa = PBXFileReference; lastKnownFileType = audio.mp3; name = 0008.mp3; path = "../../../../Google Drive/Major project/Edinburgh/soundtrack/06AUG15/0008.mp3"; sourceTree = "<group>"; };
		F13D1E3E1B75802700EA2A09 /* 0009.mp3 */ = {isa = PBXFileReference; lastKnownFileType = audio.mp3; name = 0009.mp3; path = "../../../../Google Drive/Major project/Edinburgh/soundtrack/06AUG15/0009.mp3"; sourceTree = "<group>"; };
		F13D1E3F1B75802700EA2A09 /* 0010.mp3 */ = {isa = PBXFileReference; lastKnownFileType = audio.mp3; name = 0010.mp3; path = "../../../../Google Drive/Major project/Edinburgh/soundtrack/06AUG15/0010.mp3"; sourceTree = "<group>"; };
		F13D1E401B75802700EA2A09 /* 0011.mp3 */ = {isa = PBXFileReference; lastKnownFileType = audio.mp3; name = 0011.mp3; path = "../../../../Google Drive/Major project/Edinburgh/soundtrack/06AUG15/0011.mp3"; sourceTree = "<group>"; };
		F13D1E411B75802700EA2A09 /* 0012.mp3 */ = {isa = PBXFileReference; lastKnownFileType = audio.mp3; name = 0012.mp3; path = "../../../../Google Drive/Major project/Edinburgh/soundtrack/06AUG15/0012.mp3"; sourceTree = "<group>"; };
		F13D1E421B75802700EA2A09 /* 0013.mp3 */ = {isa = PBXFileReference; lastKnownFileType = audio.mp3; name = 0013.mp3; path = "../../../../Google Drive/Major project/Edinburgh/soundtrack/06AUG15/0013.mp3"; sourceTree = "<group>"; };
		F13D1E431B75802700EA2A09 /* 0014.mp3 */ = {isa = PBXFileReference; lastKnownFileType = audio.mp3; name = 0014.mp3; path = "../../../../Google Drive/Major project/Edinburgh/soundtrack/06AUG15/0014.mp3"; sourceTree = "<group>"; };
		F13D1E441B75802700EA2A09 /* 0015.mp3 */ = {isa = PBXFileReference; lastKnownFileType = audio.mp3; name = 0015.mp3; path = "../../../../Google Drive/Major project/Edinburgh/soundtrack/06AUG15/0015.mp3"; sourceTree = "<group>"; };
		F13D1E451B75802700EA2A09 /* 0016.mp3 */ = {isa = PBXFileReference; lastKnownFileType = audio.mp3; name = 0016.mp3; path = "../../../../Google Drive/Major project/Edinburgh/soundtrack/06AUG15/0016.mp3"; sourceTree = "<group>"; };
		F193FF581A6067520092B355 /* hebron-Bridging-Header.h */ = {isa = PBXFileReference; lastKnownFileType = sourcecode.c.h; path = "hebron-Bridging-Header.h"; sourceTree = "<group>"; };
		F193FF591A6067520092B355 /* Objc.h */ = {isa = PBXFileReference; fileEncoding = 4; lastKnownFileType = sourcecode.c.h; path = Objc.h; sourceTree = "<group>"; };
		F193FF5A1A6067520092B355 /* Objc.m */ = {isa = PBXFileReference; fileEncoding = 4; lastKnownFileType = sourcecode.c.objc; path = Objc.m; sourceTree = "<group>"; };
		F1EDC6D81B660102002300CA /* icon400.png */ = {isa = PBXFileReference; lastKnownFileType = image.png; name = icon400.png; path = "../../../../Google Drive/Major project/project graphics/icon400.png"; sourceTree = "<group>"; };
		F1EDC6DA1B6601AE002300CA /* AMReachability.swift */ = {isa = PBXFileReference; fileEncoding = 4; lastKnownFileType = sourcecode.swift; path = AMReachability.swift; sourceTree = SOURCE_ROOT; };
		FF3A20012417BB6AAF40A331 /* libPods.a */ = {isa = PBXFileReference; explicitFileType = archive.ar; includeInIndex = 0; path = libPods.a; sourceTree = BUILT_PRODUCTS_DIR; };
/* End PBXFileReference section */

/* Begin PBXFrameworksBuildPhase section */
		F12283631A604F6500DBCE61 /* Frameworks */ = {
			isa = PBXFrameworksBuildPhase;
			buildActionMask = 2147483647;
			files = (
				C4264231198CAE4E176D1535 /* libPods.a in Frameworks */,
			);
			runOnlyForDeploymentPostprocessing = 0;
		};
/* End PBXFrameworksBuildPhase section */

/* Begin PBXGroup section */
		6ACD411168CD8A3D06132C05 /* Pods */ = {
			isa = PBXGroup;
			children = (
				24A700C9A539A69079D08BBE /* Pods.debug.xcconfig */,
				5D58061C9A214C5077236974 /* Pods.release.xcconfig */,
			);
			name = Pods;
			sourceTree = "<group>";
		};
		D9AF49DC5373441663AB6849 /* Frameworks */ = {
			isa = PBXGroup;
			children = (
				FF3A20012417BB6AAF40A331 /* libPods.a */,
			);
			name = Frameworks;
			sourceTree = "<group>";
		};
		F122835D1A604F6500DBCE61 = {
			isa = PBXGroup;
			children = (
				F12283681A604F6500DBCE61 /* hebron */,
				6ACD411168CD8A3D06132C05 /* Pods */,
				D9AF49DC5373441663AB6849 /* Frameworks */,
				F110E2BD1ADFC6AC0091104F /* passagetells.app */,
			);
			sourceTree = "<group>";
		};
		F12283681A604F6500DBCE61 /* hebron */ = {
			isa = PBXGroup;
			children = (
				F122836B1A604F6500DBCE61 /* AppDelegate.swift */,
				F122836D1A604F6500DBCE61 /* ViewController.swift */,
				F193FF591A6067520092B355 /* Objc.h */,
				F193FF5A1A6067520092B355 /* Objc.m */,
				F122836F1A604F6500DBCE61 /* Main.storyboard */,
				F12283721A604F6500DBCE61 /* Images.xcassets */,
				F12283741A604F6500DBCE61 /* LaunchScreen.xib */,
				F12283691A604F6500DBCE61 /* Supporting Files */,
				F193FF581A6067520092B355 /* hebron-Bridging-Header.h */,
			);
			path = hebron;
			sourceTree = "<group>";
		};
		F12283691A604F6500DBCE61 /* Supporting Files */ = {
			isa = PBXGroup;
			children = (
				F13D1E361B75802700EA2A09 /* 0001.mp3 */,
				F13D1E371B75802700EA2A09 /* 0002.mp3 */,
				F13D1E381B75802700EA2A09 /* 0003.mp3 */,
				F13D1E391B75802700EA2A09 /* 0004.mp3 */,
				F13D1E3A1B75802700EA2A09 /* 0005.mp3 */,
				F13D1E3B1B75802700EA2A09 /* 0006.mp3 */,
				F13D1E3C1B75802700EA2A09 /* 0007.mp3 */,
				F13D1E3D1B75802700EA2A09 /* 0008.mp3 */,
				F13D1E3E1B75802700EA2A09 /* 0009.mp3 */,
				F13D1E3F1B75802700EA2A09 /* 0010.mp3 */,
				F13D1E401B75802700EA2A09 /* 0011.mp3 */,
				F13D1E411B75802700EA2A09 /* 0012.mp3 */,
				F13D1E421B75802700EA2A09 /* 0013.mp3 */,
				F13D1E431B75802700EA2A09 /* 0014.mp3 */,
				F13D1E441B75802700EA2A09 /* 0015.mp3 */,
				F13D1E451B75802700EA2A09 /* 0016.mp3 */,
				F13D1DFE1B731E9D00EA2A09 /* 0017.mp3 */,
				F13D1DFF1B731E9D00EA2A09 /* bg01.mp3 */,
				F13D1E001B731E9D00EA2A09 /* bg02.mp3 */,
				F13D1E011B731E9D00EA2A09 /* bg03.mp3 */,
				F12802161B6F70B2003AC25C /* 0000.mp3 */,
				F1EDC6DA1B6601AE002300CA /* AMReachability.swift */,
				F1EDC6D81B660102002300CA /* icon400.png */,
				F122836A1A604F6500DBCE61 /* Info.plist */,
			);
			name = "Supporting Files";
			sourceTree = "<group>";
		};
/* End PBXGroup section */

/* Begin PBXNativeTarget section */
		F12283651A604F6500DBCE61 /* passagetells */ = {
			isa = PBXNativeTarget;
			buildConfigurationList = F12283851A604F6500DBCE61 /* Build configuration list for PBXNativeTarget "passagetells" */;
			buildPhases = (
				B7574624E14D66643115DFC9 /* Check Pods Manifest.lock */,
				F12283621A604F6500DBCE61 /* Sources */,
				F12283631A604F6500DBCE61 /* Frameworks */,
				F12283641A604F6500DBCE61 /* Resources */,
				C993223081C46D5BA116F349 /* Copy Pods Resources */,
			);
			buildRules = (
			);
			dependencies = (
			);
			name = passagetells;
			productName = hebron;
			productReference = F110E2BD1ADFC6AC0091104F /* passagetells.app */;
			productType = "com.apple.product-type.application";
		};
/* End PBXNativeTarget section */

/* Begin PBXProject section */
		F122835E1A604F6500DBCE61 /* Project object */ = {
			isa = PBXProject;
			attributes = {
				LastUpgradeCheck = 0610;
				ORGANIZATIONNAME = "Daisuke Nakazawa";
				TargetAttributes = {
					F12283651A604F6500DBCE61 = {
						CreatedOnToolsVersion = 6.1.1;
						DevelopmentTeam = 79VKPSV2E3;
					};
				};
			};
			buildConfigurationList = F12283611A604F6500DBCE61 /* Build configuration list for PBXProject "passagetells" */;
			compatibilityVersion = "Xcode 3.2";
			developmentRegion = English;
			hasScannedForEncodings = 0;
			knownRegions = (
				en,
				Base,
			);
			mainGroup = F122835D1A604F6500DBCE61;
			productRefGroup = F122835D1A604F6500DBCE61;
			projectDirPath = "";
			projectRoot = "";
			targets = (
				F12283651A604F6500DBCE61 /* passagetells */,
			);
		};
/* End PBXProject section */

/* Begin PBXResourcesBuildPhase section */
		F12283641A604F6500DBCE61 /* Resources */ = {
			isa = PBXResourcesBuildPhase;
			buildActionMask = 2147483647;
			files = (
				F13D1E121B731E9D00EA2A09 /* 0017.mp3 in Resources */,
				F13D1E151B731E9D00EA2A09 /* bg03.mp3 in Resources */,
				F12802171B6F70B2003AC25C /* 0000.mp3 in Resources */,
				F13D1E511B75802700EA2A09 /* 0012.mp3 in Resources */,
				F13D1E471B75802700EA2A09 /* 0002.mp3 in Resources */,
				F12283711A604F6500DBCE61 /* Main.storyboard in Resources */,
				F1EDC6D91B660102002300CA /* icon400.png in Resources */,
				F13D1E4D1B75802700EA2A09 /* 0008.mp3 in Resources */,
				F13D1E131B731E9D00EA2A09 /* bg01.mp3 in Resources */,
				F12283761A604F6500DBCE61 /* LaunchScreen.xib in Resources */,
				F13D1E4E1B75802700EA2A09 /* 0009.mp3 in Resources */,
				F13D1E491B75802700EA2A09 /* 0004.mp3 in Resources */,
				F13D1E541B75802700EA2A09 /* 0015.mp3 in Resources */,
				F13D1E4A1B75802700EA2A09 /* 0005.mp3 in Resources */,
				F13D1E501B75802700EA2A09 /* 0011.mp3 in Resources */,
				F13D1E461B75802700EA2A09 /* 0001.mp3 in Resources */,
				F13D1E481B75802700EA2A09 /* 0003.mp3 in Resources */,
				F13D1E551B75802700EA2A09 /* 0016.mp3 in Resources */,
				F13D1E521B75802700EA2A09 /* 0013.mp3 in Resources */,
				F13D1E4B1B75802700EA2A09 /* 0006.mp3 in Resources */,
				F13D1E4F1B75802700EA2A09 /* 0010.mp3 in Resources */,
				F13D1E4C1B75802700EA2A09 /* 0007.mp3 in Resources */,
				F13D1E141B731E9D00EA2A09 /* bg02.mp3 in Resources */,
				F13D1E531B75802700EA2A09 /* 0014.mp3 in Resources */,
				F12283731A604F6500DBCE61 /* Images.xcassets in Resources */,
			);
			runOnlyForDeploymentPostprocessing = 0;
		};
/* End PBXResourcesBuildPhase section */

/* Begin PBXShellScriptBuildPhase section */
		B7574624E14D66643115DFC9 /* Check Pods Manifest.lock */ = {
			isa = PBXShellScriptBuildPhase;
			buildActionMask = 2147483647;
			files = (
			);
			inputPaths = (
			);
			name = "Check Pods Manifest.lock";
			outputPaths = (
			);
			runOnlyForDeploymentPostprocessing = 0;
			shellPath = /bin/sh;
			shellScript = "diff \"${PODS_ROOT}/../Podfile.lock\" \"${PODS_ROOT}/Manifest.lock\" > /dev/null\nif [[ $? != 0 ]] ; then\n    cat << EOM\nerror: The sandbox is not in sync with the Podfile.lock. Run 'pod install' or update your CocoaPods installation.\nEOM\n    exit 1\nfi\n";
			showEnvVarsInLog = 0;
		};
		C993223081C46D5BA116F349 /* Copy Pods Resources */ = {
			isa = PBXShellScriptBuildPhase;
			buildActionMask = 2147483647;
			files = (
			);
			inputPaths = (
			);
			name = "Copy Pods Resources";
			outputPaths = (
			);
			runOnlyForDeploymentPostprocessing = 0;
			shellPath = /bin/sh;
			shellScript = "\"${SRCROOT}/Pods/Target Support Files/Pods/Pods-resources.sh\"\n";
			showEnvVarsInLog = 0;
		};
/* End PBXShellScriptBuildPhase section */

/* Begin PBXSourcesBuildPhase section */
		F12283621A604F6500DBCE61 /* Sources */ = {
			isa = PBXSourcesBuildPhase;
			buildActionMask = 2147483647;
			files = (
				F193FF5B1A6067520092B355 /* Objc.m in Sources */,
				F122836E1A604F6500DBCE61 /* ViewController.swift in Sources */,
				F1EDC6DB1B6601AE002300CA /* AMReachability.swift in Sources */,
				F122836C1A604F6500DBCE61 /* AppDelegate.swift in Sources */,
			);
			runOnlyForDeploymentPostprocessing = 0;
		};
/* End PBXSourcesBuildPhase section */

/* Begin PBXVariantGroup section */
		F122836F1A604F6500DBCE61 /* Main.storyboard */ = {
			isa = PBXVariantGroup;
			children = (
				F12283701A604F6500DBCE61 /* Base */,
			);
			name = Main.storyboard;
			sourceTree = "<group>";
		};
		F12283741A604F6500DBCE61 /* LaunchScreen.xib */ = {
			isa = PBXVariantGroup;
			children = (
				F12283751A604F6500DBCE61 /* Base */,
			);
			name = LaunchScreen.xib;
			sourceTree = "<group>";
		};
/* End PBXVariantGroup section */

/* Begin XCBuildConfiguration section */
		F12283831A604F6500DBCE61 /* Debug */ = {
			isa = XCBuildConfiguration;
			buildSettings = {
				ALWAYS_SEARCH_USER_PATHS = NO;
				CLANG_CXX_LANGUAGE_STANDARD = "gnu++0x";
				CLANG_CXX_LIBRARY = "libc++";
				CLANG_ENABLE_MODULES = YES;
				CLANG_ENABLE_OBJC_ARC = YES;
				CLANG_WARN_BOOL_CONVERSION = YES;
				CLANG_WARN_CONSTANT_CONVERSION = YES;
				CLANG_WARN_DIRECT_OBJC_ISA_USAGE = YES_ERROR;
				CLANG_WARN_EMPTY_BODY = YES;
				CLANG_WARN_ENUM_CONVERSION = YES;
				CLANG_WARN_INT_CONVERSION = YES;
				CLANG_WARN_OBJC_ROOT_CLASS = YES_ERROR;
				CLANG_WARN_UNREACHABLE_CODE = YES;
				CLANG_WARN__DUPLICATE_METHOD_MATCH = YES;
				"CODE_SIGN_IDENTITY[sdk=iphoneos*]" = "iPhone Developer";
				COPY_PHASE_STRIP = NO;
				ENABLE_STRICT_OBJC_MSGSEND = YES;
				GCC_C_LANGUAGE_STANDARD = gnu99;
				GCC_DYNAMIC_NO_PIC = NO;
				GCC_OPTIMIZATION_LEVEL = 0;
				GCC_PREPROCESSOR_DEFINITIONS = (
					"DEBUG=1",
					"$(inherited)",
				);
				GCC_SYMBOLS_PRIVATE_EXTERN = NO;
				GCC_WARN_64_TO_32_BIT_CONVERSION = YES;
				GCC_WARN_ABOUT_RETURN_TYPE = YES_ERROR;
				GCC_WARN_UNDECLARED_SELECTOR = YES;
				GCC_WARN_UNINITIALIZED_AUTOS = YES_AGGRESSIVE;
				GCC_WARN_UNUSED_FUNCTION = YES;
				GCC_WARN_UNUSED_VARIABLE = YES;
				IPHONEOS_DEPLOYMENT_TARGET = 7.0;
				MTL_ENABLE_DEBUG_INFO = YES;
				ONLY_ACTIVE_ARCH = YES;
				SDKROOT = iphoneos;
				SWIFT_OPTIMIZATION_LEVEL = "-Onone";
				TARGETED_DEVICE_FAMILY = "1,2";
			};
			name = Debug;
		};
		F12283841A604F6500DBCE61 /* Release */ = {
			isa = XCBuildConfiguration;
			buildSettings = {
				ALWAYS_SEARCH_USER_PATHS = NO;
				CLANG_CXX_LANGUAGE_STANDARD = "gnu++0x";
				CLANG_CXX_LIBRARY = "libc++";
				CLANG_ENABLE_MODULES = YES;
				CLANG_ENABLE_OBJC_ARC = YES;
				CLANG_WARN_BOOL_CONVERSION = YES;
				CLANG_WARN_CONSTANT_CONVERSION = YES;
				CLANG_WARN_DIRECT_OBJC_ISA_USAGE = YES_ERROR;
				CLANG_WARN_EMPTY_BODY = YES;
				CLANG_WARN_ENUM_CONVERSION = YES;
				CLANG_WARN_INT_CONVERSION = YES;
				CLANG_WARN_OBJC_ROOT_CLASS = YES_ERROR;
				CLANG_WARN_UNREACHABLE_CODE = YES;
				CLANG_WARN__DUPLICATE_METHOD_MATCH = YES;
				"CODE_SIGN_IDENTITY[sdk=iphoneos*]" = "iPhone Developer";
				COPY_PHASE_STRIP = YES;
				ENABLE_NS_ASSERTIONS = NO;
				ENABLE_STRICT_OBJC_MSGSEND = YES;
				GCC_C_LANGUAGE_STANDARD = gnu99;
				GCC_WARN_64_TO_32_BIT_CONVERSION = YES;
				GCC_WARN_ABOUT_RETURN_TYPE = YES_ERROR;
				GCC_WARN_UNDECLARED_SELECTOR = YES;
				GCC_WARN_UNINITIALIZED_AUTOS = YES_AGGRESSIVE;
				GCC_WARN_UNUSED_FUNCTION = YES;
				GCC_WARN_UNUSED_VARIABLE = YES;
				IPHONEOS_DEPLOYMENT_TARGET = 7.0;
				MTL_ENABLE_DEBUG_INFO = NO;
				SDKROOT = iphoneos;
				TARGETED_DEVICE_FAMILY = "1,2";
				VALIDATE_PRODUCT = YES;
			};
			name = Release;
		};
		F12283861A604F6500DBCE61 /* Debug */ = {
			isa = XCBuildConfiguration;
			baseConfigurationReference = 24A700C9A539A69079D08BBE /* Pods.debug.xcconfig */;
			buildSettings = {
				ASSETCATALOG_COMPILER_APPICON_NAME = AppIcon;
				ASSETCATALOG_COMPILER_LAUNCHIMAGE_NAME = LaunchImage;
				CLANG_ENABLE_MODULES = YES;
				CODE_SIGN_IDENTITY = "iPhone Developer";
				"CODE_SIGN_IDENTITY[sdk=iphoneos*]" = "iPhone Developer";
				INFOPLIST_FILE = hebron/Info.plist;
				IPHONEOS_DEPLOYMENT_TARGET = 7.0;
				LD_RUNPATH_SEARCH_PATHS = "$(inherited) @executable_path/Frameworks";
				PRODUCT_NAME = passagetells;
				PROVISIONING_PROFILE = "";
				SWIFT_OBJC_BRIDGING_HEADER = "hebron/hebron-Bridging-Header.h";
				SWIFT_OPTIMIZATION_LEVEL = "-Onone";
				TARGETED_DEVICE_FAMILY = "1,2";
			};
			name = Debug;
		};
		F12283871A604F6500DBCE61 /* Release */ = {
			isa = XCBuildConfiguration;
			baseConfigurationReference = 5D58061C9A214C5077236974 /* Pods.release.xcconfig */;
			buildSettings = {
				ASSETCATALOG_COMPILER_APPICON_NAME = AppIcon;
				ASSETCATALOG_COMPILER_LAUNCHIMAGE_NAME = LaunchImage;
				CLANG_ENABLE_MODULES = YES;
				CODE_SIGN_IDENTITY = "iPhone Developer";
				"CODE_SIGN_IDENTITY[sdk=iphoneos*]" = "iPhone Developer";
				INFOPLIST_FILE = hebron/Info.plist;
				IPHONEOS_DEPLOYMENT_TARGET = 7.0;
				LD_RUNPATH_SEARCH_PATHS = "$(inherited) @executable_path/Frameworks";
				PRODUCT_NAME = passagetells;
				PROVISIONING_PROFILE = "";
				SWIFT_OBJC_BRIDGING_HEADER = "hebron/hebron-Bridging-Header.h";
				TARGETED_DEVICE_FAMILY = "1,2";
			};
			name = Release;
		};
/* End XCBuildConfiguration section */

/* Begin XCConfigurationList section */
		F12283611A604F6500DBCE61 /* Build configuration list for PBXProject "passagetells" */ = {
			isa = XCConfigurationList;
			buildConfigurations = (
				F12283831A604F6500DBCE61 /* Debug */,
				F12283841A604F6500DBCE61 /* Release */,
			);
			defaultConfigurationIsVisible = 0;
			defaultConfigurationName = Release;
		};
		F12283851A604F6500DBCE61 /* Build configuration list for PBXNativeTarget "passagetells" */ = {
			isa = XCConfigurationList;
			buildConfigurations = (
				F12283861A604F6500DBCE61 /* Debug */,
				F12283871A604F6500DBCE61 /* Release */,
			);
			defaultConfigurationIsVisible = 0;
			defaultConfigurationName = Release;
		};
/* End XCConfigurationList section */
	};
	rootObject = F122835E1A604F6500DBCE61 /* Project object */;
}
